
Microsoft Visual Studio Solution File, Format Version 12.00
# Visual Studio 15
VisualStudioVersion = 15.0.33801.198
MinimumVisualStudioVersion = 10.0.40219.1
Project("{FAE04EC0-301F-11D3-BF4B-00C04F79EFBC}") = "SPAULDINGRIDGE_CODINGEXERCISE", "SPAULDINGRIDGE_CODINGEXERCISE\SPAULDINGRIDGE_CODINGEXERCISE.csproj", "{2049A208-DE4C-4FA2-A806-D611F772EC8A}"
EndProject
Global
	GlobalSection(SolutionConfigurationPlatforms) = preSolution
		Debug|Any CPU = Debug|Any CPU
		Release|Any CPU = Release|Any CPU
	EndGlobalSection
	GlobalSection(ProjectConfigurationPlatforms) = postSolution
		{2049A208-DE4C-4FA2-A806-D611F772EC8A}.Debug|Any CPU.ActiveCfg = Debug|Any CPU
		{2049A208-DE4C-4FA2-A806-D611F772EC8A}.Debug|Any CPU.Build.0 = Debug|Any CPU
		{2049A208-DE4C-4FA2-A806-D611F772EC8A}.Release|Any CPU.ActiveCfg = Release|Any CPU
		{2049A208-DE4C-4FA2-A806-D611F772EC8A}.Release|Any CPU.Build.0 = Release|Any CPU
	EndGlobalSection
	GlobalSection(SolutionProperties) = preSolution
		HideSolutionNode = FALSE
	EndGlobalSection
	GlobalSection(ExtensibilityGlobals) = postSolution
		SolutionGuid = {9E9EEF7D-AEAF-483B-B4ED-7BAB4044618A}
	EndGlobalSection
EndGlobal
